
Microsoft Visual Studio Solution File, Format Version 12.00
# Visual Studio Version 17
VisualStudioVersion = 17.0.31903.59
MinimumVisualStudioVersion = 10.0.40219.1
Project("{2150E333-8FDC-42A3-9474-1A3956D46DE8}") = "src", "src", "{CFEEE083-C3AF-4395-A45A-047D101CA7B1}"
EndProject
Project("{FAE04EC0-301F-11D3-BF4B-00C04F79EFBC}") = "Server", "src\Server\Server.csproj", "{B70436ED-2C9F-4448-A908-D3B3B10BF6FD}"
EndProject
Project("{FAE04EC0-301F-11D3-BF4B-00C04F79EFBC}") = "Client", "src\Client\Client.csproj", "{98A2F878-CA03-4078-A3A6-9241A3741E50}"
EndProject
Global
	GlobalSection(SolutionConfigurationPlatforms) = preSolution
		Debug|Any CPU = Debug|Any CPU
		Release|Any CPU = Release|Any CPU
	EndGlobalSection
	GlobalSection(SolutionProperties) = preSolution
		HideSolutionNode = FALSE
	EndGlobalSection
	GlobalSection(ProjectConfigurationPlatforms) = postSolution
		{B70436ED-2C9F-4448-A908-D3B3B10BF6FD}.Debug|Any CPU.ActiveCfg = Debug|Any CPU
		{B70436ED-2C9F-4448-A908-D3B3B10BF6FD}.Debug|Any CPU.Build.0 = Debug|Any CPU
		{B70436ED-2C9F-4448-A908-D3B3B10BF6FD}.Release|Any CPU.ActiveCfg = Release|Any CPU
		{B70436ED-2C9F-4448-A908-D3B3B10BF6FD}.Release|Any CPU.Build.0 = Release|Any CPU
		{98A2F878-CA03-4078-A3A6-9241A3741E50}.Debug|Any CPU.ActiveCfg = Debug|Any CPU
		{98A2F878-CA03-4078-A3A6-9241A3741E50}.Debug|Any CPU.Build.0 = Debug|Any CPU
		{98A2F878-CA03-4078-A3A6-9241A3741E50}.Release|Any CPU.ActiveCfg = Release|Any CPU
		{98A2F878-CA03-4078-A3A6-9241A3741E50}.Release|Any CPU.Build.0 = Release|Any CPU
	EndGlobalSection
	GlobalSection(NestedProjects) = preSolution
		{B70436ED-2C9F-4448-A908-D3B3B10BF6FD} = {CFEEE083-C3AF-4395-A45A-047D101CA7B1}
		{98A2F878-CA03-4078-A3A6-9241A3741E50} = {CFEEE083-C3AF-4395-A45A-047D101CA7B1}
	EndGlobalSection
EndGlobal
